
Microsoft Visual Studio Solution File, Format Version 12.00
# Visual Studio 2012
Project("{FAE04EC0-301F-11D3-BF4B-00C04F79EFBC}") = "CrossFitTools.Web", "CrossFitTools.Web\CrossFitTools.Web.csproj", "{B3382397-97C5-41CB-867B-4C7BE5F17956}"
EndProject
Global
	GlobalSection(SolutionConfigurationPlatforms) = preSolution
		Debug|Any CPU = Debug|Any CPU
		Release|Any CPU = Release|Any CPU
	EndGlobalSection
	GlobalSection(ProjectConfigurationPlatforms) = postSolution
		{B3382397-97C5-41CB-867B-4C7BE5F17956}.Debug|Any CPU.ActiveCfg = Debug|Any CPU
		{B3382397-97C5-41CB-867B-4C7BE5F17956}.Debug|Any CPU.Build.0 = Debug|Any CPU
		{B3382397-97C5-41CB-867B-4C7BE5F17956}.Release|Any CPU.ActiveCfg = Release|Any CPU
		{B3382397-97C5-41CB-867B-4C7BE5F17956}.Release|Any CPU.Build.0 = Release|Any CPU
	EndGlobalSection
	GlobalSection(SolutionProperties) = preSolution
		HideSolutionNode = FALSE
	EndGlobalSection
EndGlobal
