
Microsoft Visual Studio Solution File, Format Version 12.00
# Visual Studio 2012
Project("{00D1A9C2-B5F0-4AF3-8072-F6C62B433612}") = "CrossfitBenchmarks-SqlDataToolsProject", "CrossfitBenchmarks-SqlDataToolsProject\CrossfitBenchmarks-SqlDataToolsProject.sqlproj", "{549BB3CC-075F-42FF-B72B-1C19D879C42D}"
EndProject
Project("{00D1A9C2-B5F0-4AF3-8072-F6C62B433612}") = "CrossfitBenchmarks-Remote", "CrossfitBenchmarks-Remote\CrossfitBenchmarks-Remote.sqlproj", "{FB0D20F2-1B06-4FDB-8F05-0EFBA7D6A5BE}"
EndProject
Global
	GlobalSection(SolutionConfigurationPlatforms) = preSolution
		Debug|Any CPU = Debug|Any CPU
		Release|Any CPU = Release|Any CPU
	EndGlobalSection
	GlobalSection(ProjectConfigurationPlatforms) = postSolution
		{549BB3CC-075F-42FF-B72B-1C19D879C42D}.Debug|Any CPU.ActiveCfg = Debug|Any CPU
		{549BB3CC-075F-42FF-B72B-1C19D879C42D}.Debug|Any CPU.Build.0 = Debug|Any CPU
		{549BB3CC-075F-42FF-B72B-1C19D879C42D}.Debug|Any CPU.Deploy.0 = Debug|Any CPU
		{549BB3CC-075F-42FF-B72B-1C19D879C42D}.Release|Any CPU.ActiveCfg = Release|Any CPU
		{549BB3CC-075F-42FF-B72B-1C19D879C42D}.Release|Any CPU.Build.0 = Release|Any CPU
		{549BB3CC-075F-42FF-B72B-1C19D879C42D}.Release|Any CPU.Deploy.0 = Release|Any CPU
		{FB0D20F2-1B06-4FDB-8F05-0EFBA7D6A5BE}.Debug|Any CPU.ActiveCfg = Debug|Any CPU
		{FB0D20F2-1B06-4FDB-8F05-0EFBA7D6A5BE}.Debug|Any CPU.Build.0 = Debug|Any CPU
		{FB0D20F2-1B06-4FDB-8F05-0EFBA7D6A5BE}.Debug|Any CPU.Deploy.0 = Debug|Any CPU
		{FB0D20F2-1B06-4FDB-8F05-0EFBA7D6A5BE}.Release|Any CPU.ActiveCfg = Release|Any CPU
		{FB0D20F2-1B06-4FDB-8F05-0EFBA7D6A5BE}.Release|Any CPU.Build.0 = Release|Any CPU
		{FB0D20F2-1B06-4FDB-8F05-0EFBA7D6A5BE}.Release|Any CPU.Deploy.0 = Release|Any CPU
	EndGlobalSection
	GlobalSection(SolutionProperties) = preSolution
		HideSolutionNode = FALSE
	EndGlobalSection
EndGlobal
